
Microsoft Visual Studio Solution File, Format Version 12.00
# Visual Studio 15
VisualStudioVersion = 15.0.28307.960
MinimumVisualStudioVersion = 10.0.40219.1
Project("{FAE04EC0-301F-11D3-BF4B-00C04F79EFBC}") = "DS_BST_Printer", "DS_BST_Printer\DS_BST_Printer.csproj", "{B53FE6E7-F435-4BDF-BD31-434F4B699987}"
EndProject
Global
	GlobalSection(SolutionConfigurationPlatforms) = preSolution
		Debug|Any CPU = Debug|Any CPU
		Release|Any CPU = Release|Any CPU
	EndGlobalSection
	GlobalSection(ProjectConfigurationPlatforms) = postSolution
		{B53FE6E7-F435-4BDF-BD31-434F4B699987}.Debug|Any CPU.ActiveCfg = Debug|Any CPU
		{B53FE6E7-F435-4BDF-BD31-434F4B699987}.Debug|Any CPU.Build.0 = Debug|Any CPU
		{B53FE6E7-F435-4BDF-BD31-434F4B699987}.Release|Any CPU.ActiveCfg = Release|Any CPU
		{B53FE6E7-F435-4BDF-BD31-434F4B699987}.Release|Any CPU.Build.0 = Release|Any CPU
	EndGlobalSection
	GlobalSection(SolutionProperties) = preSolution
		HideSolutionNode = FALSE
	EndGlobalSection
	GlobalSection(ExtensibilityGlobals) = postSolution
		SolutionGuid = {A1B06DF0-00FB-4448-BADE-E3C67A7D15CF}
	EndGlobalSection
EndGlobal
